// !$*UTF8*$!
{
	archiveVersion = 1;
	classes = {
	};
	objectVersion = 50;
	objects = {

/* Begin PBXBuildFile section */
		9C001F81236B7132003A3D00 /* AppDelegate.swift in Sources */ = {isa = PBXBuildFile; fileRef = 9C001F80236B7132003A3D00 /* AppDelegate.swift */; };
		9C001F83236B7132003A3D00 /* SceneDelegate.swift in Sources */ = {isa = PBXBuildFile; fileRef = 9C001F82236B7132003A3D00 /* SceneDelegate.swift */; };
		9C001F85236B7132003A3D00 /* ViewController.swift in Sources */ = {isa = PBXBuildFile; fileRef = 9C001F84236B7132003A3D00 /* ViewController.swift */; };
		9C001F88236B7132003A3D00 /* Main.storyboard in Resources */ = {isa = PBXBuildFile; fileRef = 9C001F86236B7132003A3D00 /* Main.storyboard */; };
		9C001F8A236B7134003A3D00 /* Assets.xcassets in Resources */ = {isa = PBXBuildFile; fileRef = 9C001F89236B7134003A3D00 /* Assets.xcassets */; };
		9C001F8D236B7134003A3D00 /* LaunchScreen.storyboard in Resources */ = {isa = PBXBuildFile; fileRef = 9C001F8B236B7134003A3D00 /* LaunchScreen.storyboard */; };
/* End PBXBuildFile section */

/* Begin PBXFileReference section */
		9C001F7D236B7132003A3D00 /* FederalTaxCalculator.app */ = {isa = PBXFileReference; explicitFileType = wrapper.application; includeInIndex = 0; path = FederalTaxCalculator.app; sourceTree = BUILT_PRODUCTS_DIR; };
		9C001F80236B7132003A3D00 /* AppDelegate.swift */ = {isa = PBXFileReference; lastKnownFileType = sourcecode.swift; path = AppDelegate.swift; sourceTree = "<group>"; };
		9C001F82236B7132003A3D00 /* SceneDelegate.swift */ = {isa = PBXFileReference; lastKnownFileType = sourcecode.swift; path = SceneDelegate.swift; sourceTree = "<group>"; };
		9C001F84236B7132003A3D00 /* ViewController.swift */ = {isa = PBXFileReference; lastKnownFileType = sourcecode.swift; path = ViewController.swift; sourceTree = "<group>"; };
		9C001F87236B7132003A3D00 /* Base */ = {isa = PBXFileReference; lastKnownFileType = file.storyboard; name = Base; path = Base.lproj/Main.storyboard; sourceTree = "<group>"; };
		9C001F89236B7134003A3D00 /* Assets.xcassets */ = {isa = PBXFileReference; lastKnownFileType = folder.assetcatalog; path = Assets.xcassets; sourceTree = "<group>"; };
		9C001F8C236B7134003A3D00 /* Base */ = {isa = PBXFileReference; lastKnownFileType = file.storyboard; name = Base; path = Base.lproj/LaunchScreen.storyboard; sourceTree = "<group>"; };
		9C001F8E236B7134003A3D00 /* Info.plist */ = {isa = PBXFileReference; lastKnownFileType = text.plist.xml; path = Info.plist; sourceTree = "<group>"; };
/* End PBXFileReference section */

/* Begin PBXFrameworksBuildPhase section */
		9C001F7A236B7132003A3D00 /* Frameworks */ = {
			isa = PBXFrameworksBuildPhase;
			buildActionMask = 2147483647;
			files = (
			);
			runOnlyForDeploymentPostprocessing = 0;
		};
/* End PBXFrameworksBuildPhase section */

/* Begin PBXGroup section */
		9C001F74236B7132003A3D00 = {
			isa = PBXGroup;
			children = (
				9C001F7F236B7132003A3D00 /* FederalTaxCalculator */,
				9C001F7E236B7132003A3D00 /* Products */,
			);
			sourceTree = "<group>";
		};
		9C001F7E236B7132003A3D00 /* Products */ = {
			isa = PBXGroup;
			children = (
				9C001F7D236B7132003A3D00 /* FederalTaxCalculator.app */,
			);
			name = Products;
			sourceTree = "<group>";
		};
		9C001F7F236B7132003A3D00 /* FederalTaxCalculator */ = {
			isa = PBXGroup;
			children = (
				9C001F80236B7132003A3D00 /* AppDelegate.swift */,
				9C001F82236B7132003A3D00 /* SceneDelegate.swift */,
				9C001F84236B7132003A3D00 /* ViewController.swift */,
				9C001F86236B7132003A3D00 /* Main.storyboard */,
				9C001F89236B7134003A3D00 /* Assets.xcassets */,
				9C001F8B236B7134003A3D00 /* LaunchScreen.storyboard */,
				9C001F8E236B7134003A3D00 /* Info.plist */,
			);
			path = FederalTaxCalculator;
			sourceTree = "<group>";
		};
/* End PBXGroup section */

/* Begin PBXNativeTarget section */
		9C001F7C236B7132003A3D00 /* FederalTaxCalculator */ = {
			isa = PBXNativeTarget;
			buildConfigurationList = 9C001F91236B7134003A3D00 /* Build configuration list for PBXNativeTarget "FederalTaxCalculator" */;
			buildPhases = (
				9C001F79236B7132003A3D00 /* Sources */,
				9C001F7A236B7132003A3D00 /* Frameworks */,
				9C001F7B236B7132003A3D00 /* Resources */,
			);
			buildRules = (
			);
			dependencies = (
			);
			name = FederalTaxCalculator;
			productName = FederalTaxCalculator;
			productReference = 9C001F7D236B7132003A3D00 /* FederalTaxCalculator.app */;
			productType = "com.apple.product-type.application";
		};
/* End PBXNativeTarget section */

/* Begin PBXProject section */
		9C001F75236B7132003A3D00 /* Project object */ = {
			isa = PBXProject;
			attributes = {
				LastSwiftUpdateCheck = 1110;
				LastUpgradeCheck = 1110;
				ORGANIZATIONNAME = "Chen, Sihan";
				TargetAttributes = {
					9C001F7C236B7132003A3D00 = {
						CreatedOnToolsVersion = 11.1;
					};
				};
			};
			buildConfigurationList = 9C001F78236B7132003A3D00 /* Build configuration list for PBXProject "FederalTaxCalculator" */;
			compatibilityVersion = "Xcode 9.3";
			developmentRegion = en;
			hasScannedForEncodings = 0;
			knownRegions = (
				en,
				Base,
			);
			mainGroup = 9C001F74236B7132003A3D00;
			productRefGroup = 9C001F7E236B7132003A3D00 /* Products */;
			projectDirPath = "";
			projectRoot = "";
			targets = (
				9C001F7C236B7132003A3D00 /* FederalTaxCalculator */,
			);
		};
/* End PBXProject section */

/* Begin PBXResourcesBuildPhase section */
		9C001F7B236B7132003A3D00 /* Resources */ = {
			isa = PBXResourcesBuildPhase;
			buildActionMask = 2147483647;
			files = (
				9C001F8D236B7134003A3D00 /* LaunchScreen.storyboard in Resources */,
				9C001F8A236B7134003A3D00 /* Assets.xcassets in Resources */,
				9C001F88236B7132003A3D00 /* Main.storyboard in Resources */,
			);
			runOnlyForDeploymentPostprocessing = 0;
		};
/* End PBXResourcesBuildPhase section */

/* Begin PBXSourcesBuildPhase section */
		9C001F79236B7132003A3D00 /* Sources */ = {
			isa = PBXSourcesBuildPhase;
			buildActionMask = 2147483647;
			files = (
				9C001F85236B7132003A3D00 /* ViewController.swift in Sources */,
				9C001F81236B7132003A3D00 /* AppDelegate.swift in Sources */,
				9C001F83236B7132003A3D00 /* SceneDelegate.swift in Sources */,
			);
			runOnlyForDeploymentPostprocessing = 0;
		};
/* End PBXSourcesBuildPhase section */

/* Begin PBXVariantGroup section */
		9C001F86236B7132003A3D00 /* Main.storyboard */ = {
			isa = PBXVariantGroup;
			children = (
				9C001F87236B7132003A3D00 /* Base */,
			);
			name = Main.storyboard;
			sourceTree = "<group>";
		};
		9C001F8B236B7134003A3D00 /* LaunchScreen.storyboard */ = {
			isa = PBXVariantGroup;
			children = (
				9C001F8C236B7134003A3D00 /* Base */,
			);
			name = LaunchScreen.storyboard;
			sourceTree = "<group>";
		};
/* End PBXVariantGroup section */

/* Begin XCBuildConfiguration section */
		9C001F8F236B7134003A3D00 /* Debug */ = {
			isa = XCBuildConfiguration;
			buildSettings = {
				ALWAYS_SEARCH_USER_PATHS = NO;
				CLANG_ANALYZER_NONNULL = YES;
				CLANG_ANALYZER_NUMBER_OBJECT_CONVERSION = YES_AGGRESSIVE;
				CLANG_CXX_LANGUAGE_STANDARD = "gnu++14";
				CLANG_CXX_LIBRARY = "libc++";
				CLANG_ENABLE_MODULES = YES;
				CLANG_ENABLE_OBJC_ARC = YES;
				CLANG_ENABLE_OBJC_WEAK = YES;
				CLANG_WARN_BLOCK_CAPTURE_AUTORELEASING = YES;
				CLANG_WARN_BOOL_CONVERSION = YES;
				CLANG_WARN_COMMA = YES;
				CLANG_WARN_CONSTANT_CONVERSION = YES;
				CLANG_WARN_DEPRECATED_OBJC_IMPLEMENTATIONS = YES;
				CLANG_WARN_DIRECT_OBJC_ISA_USAGE = YES_ERROR;
				CLANG_WARN_DOCUMENTATION_COMMENTS = YES;
				CLANG_WARN_EMPTY_BODY = YES;
				CLANG_WARN_ENUM_CONVERSION = YES;
				CLANG_WARN_INFINITE_RECURSION = YES;
				CLANG_WARN_INT_CONVERSION = YES;
				CLANG_WARN_NON_LITERAL_NULL_CONVERSION = YES;
				CLANG_WARN_OBJC_IMPLICIT_RETAIN_SELF = YES;
				CLANG_WARN_OBJC_LITERAL_CONVERSION = YES;
				CLANG_WARN_OBJC_ROOT_CLASS = YES_ERROR;
				CLANG_WARN_RANGE_LOOP_ANALYSIS = YES;
				CLANG_WARN_STRICT_PROTOTYPES = YES;
				CLANG_WARN_SUSPICIOUS_MOVE = YES;
				CLANG_WARN_UNGUARDED_AVAILABILITY = YES_AGGRESSIVE;
				CLANG_WARN_UNREACHABLE_CODE = YES;
				CLANG_WARN__DUPLICATE_METHOD_MATCH = YES;
				COPY_PHASE_STRIP = NO;
				DEBUG_INFORMATION_FORMAT = dwarf;
				ENABLE_STRICT_OBJC_MSGSEND = YES;
				ENABLE_TESTABILITY = YES;
				GCC_C_LANGUAGE_STANDARD = gnu11;
				GCC_DYNAMIC_NO_PIC = NO;
				GCC_NO_COMMON_BLOCKS = YES;
				GCC_OPTIMIZATION_LEVEL = 0;
				GCC_PREPROCESSOR_DEFINITIONS = (
					"DEBUG=1",
					"$(inherited)",
				);
				GCC_WARN_64_TO_32_BIT_CONVERSION = YES;
				GCC_WARN_ABOUT_RETURN_TYPE = YES_ERROR;
				GCC_WARN_UNDECLARED_SELECTOR = YES;
				GCC_WARN_UNINITIALIZED_AUTOS = YES_AGGRESSIVE;
				GCC_WARN_UNUSED_FUNCTION = YES;
				GCC_WARN_UNUSED_VARIABLE = YES;
				IPHONEOS_DEPLOYMENT_TARGET = 13.1;
				MTL_ENABLE_DEBUG_INFO = INCLUDE_SOURCE;
				MTL_FAST_MATH = YES;
				ONLY_ACTIVE_ARCH = YES;
				SDKROOT = iphoneos;
				SWIFT_ACTIVE_COMPILATION_CONDITIONS = DEBUG;
				SWIFT_OPTIMIZATION_LEVEL = "-Onone";
			};
			name = Debug;
		};
		9C001F90236B7134003A3D00 /* Release */ = {
			isa = XCBuildConfiguration;
			buildSettings = {
				ALWAYS_SEARCH_USER_PATHS = NO;
				CLANG_ANALYZER_NONNULL = YES;
				CLANG_ANALYZER_NUMBER_OBJECT_CONVERSION = YES_AGGRESSIVE;
				CLANG_CXX_LANGUAGE_STANDARD = "gnu++14";
				CLANG_CXX_LIBRARY = "libc++";
				CLANG_ENABLE_MODULES = YES;
				CLANG_ENABLE_OBJC_ARC = YES;
				CLANG_ENABLE_OBJC_WEAK = YES;
				CLANG_WARN_BLOCK_CAPTURE_AUTORELEASING = YES;
				CLANG_WARN_BOOL_CONVERSION = YES;
				CLANG_WARN_COMMA = YES;
				CLANG_WARN_CONSTANT_CONVERSION = YES;
				CLANG_WARN_DEPRECATED_OBJC_IMPLEMENTATIONS = YES;
				CLANG_WARN_DIRECT_OBJC_ISA_USAGE = YES_ERROR;
				CLANG_WARN_DOCUMENTATION_COMMENTS = YES;
				CLANG_WARN_EMPTY_BODY = YES;
				CLANG_WARN_ENUM_CONVERSION = YES;
				CLANG_WARN_INFINITE_RECURSION = YES;
				CLANG_WARN_INT_CONVERSION = YES;
				CLANG_WARN_NON_LITERAL_NULL_CONVERSION = YES;
				CLANG_WARN_OBJC_IMPLICIT_RETAIN_SELF = YES;
				CLANG_WARN_OBJC_LITERAL_CONVERSION = YES;
				CLANG_WARN_OBJC_ROOT_CLASS = YES_ERROR;
				CLANG_WARN_RANGE_LOOP_ANALYSIS = YES;
				CLANG_WARN_STRICT_PROTOTYPES = YES;
				CLANG_WARN_SUSPICIOUS_MOVE = YES;
				CLANG_WARN_UNGUARDED_AVAILABILITY = YES_AGGRESSIVE;
				CLANG_WARN_UNREACHABLE_CODE = YES;
				CLANG_WARN__DUPLICATE_METHOD_MATCH = YES;
				COPY_PHASE_STRIP = NO;
				DEBUG_INFORMATION_FORMAT = "dwarf-with-dsym";
				ENABLE_NS_ASSERTIONS = NO;
				ENABLE_STRICT_OBJC_MSGSEND = YES;
				GCC_C_LANGUAGE_STANDARD = gnu11;
				GCC_NO_COMMON_BLOCKS = YES;
				GCC_WARN_64_TO_32_BIT_CONVERSION = YES;
				GCC_WARN_ABOUT_RETURN_TYPE = YES_ERROR;
				GCC_WARN_UNDECLARED_SELECTOR = YES;
				GCC_WARN_UNINITIALIZED_AUTOS = YES_AGGRESSIVE;
				GCC_WARN_UNUSED_FUNCTION = YES;
				GCC_WARN_UNUSED_VARIABLE = YES;
				IPHONEOS_DEPLOYMENT_TARGET = 13.1;
				MTL_ENABLE_DEBUG_INFO = NO;
				MTL_FAST_MATH = YES;
				SDKROOT = iphoneos;
				SWIFT_COMPILATION_MODE = wholemodule;
				SWIFT_OPTIMIZATION_LEVEL = "-O";
				VALIDATE_PRODUCT = YES;
			};
			name = Release;
		};
		9C001F92236B7134003A3D00 /* Debug */ = {
			isa = XCBuildConfiguration;
			buildSettings = {
				ASSETCATALOG_COMPILER_APPICON_NAME = AppIcon;
				CODE_SIGN_STYLE = Automatic;
				DEVELOPMENT_TEAM = L68HFVA6QB;
				INFOPLIST_FILE = FederalTaxCalculator/Info.plist;
				LD_RUNPATH_SEARCH_PATHS = (
					"$(inherited)",
					"@executable_path/Frameworks",
				);
				PRODUCT_BUNDLE_IDENTIFIER = ca.chen.sihan.FederalTaxCalculator;
				PRODUCT_NAME = "$(TARGET_NAME)";
				SWIFT_VERSION = 5.0;
				TARGETED_DEVICE_FAMILY = "1,2";
			};
			name = Debug;
		};
		9C001F93236B7134003A3D00 /* Release */ = {
			isa = XCBuildConfiguration;
			buildSettings = {
				ASSETCATALOG_COMPILER_APPICON_NAME = AppIcon;
				CODE_SIGN_STYLE = Automatic;
				DEVELOPMENT_TEAM = L68HFVA6QB;
				INFOPLIST_FILE = FederalTaxCalculator/Info.plist;
				LD_RUNPATH_SEARCH_PATHS = (
					"$(inherited)",
					"@executable_path/Frameworks",
				);
				PRODUCT_BUNDLE_IDENTIFIER = ca.chen.sihan.FederalTaxCalculator;
				PRODUCT_NAME = "$(TARGET_NAME)";
				SWIFT_VERSION = 5.0;
				TARGETED_DEVICE_FAMILY = "1,2";
			};
			name = Release;
		};
/* End XCBuildConfiguration section */

/* Begin XCConfigurationList section */
		9C001F78236B7132003A3D00 /* Build configuration list for PBXProject "FederalTaxCalculator" */ = {
			isa = XCConfigurationList;
			buildConfigurations = (
				9C001F8F236B7134003A3D00 /* Debug */,
				9C001F90236B7134003A3D00 /* Release */,
			);
			defaultConfigurationIsVisible = 0;
			defaultConfigurationName = Release;
		};
		9C001F91236B7134003A3D00 /* Build configuration list for PBXNativeTarget "FederalTaxCalculator" */ = {
			isa = XCConfigurationList;
			buildConfigurations = (
				9C001F92236B7134003A3D00 /* Debug */,
				9C001F93236B7134003A3D00 /* Release */,
			);
			defaultConfigurationIsVisible = 0;
			defaultConfigurationName = Release;
		};
/* End XCConfigurationList section */
	};
	rootObject = 9C001F75236B7132003A3D00 /* Project object */;
}
